
Microsoft Visual Studio Solution File, Format Version 12.00
# Visual Studio Version 16
VisualStudioVersion = 25.0.1706.14
MinimumVisualStudioVersion = 10.0.40219.1
Project("{FAE04EC0-301F-11D3-BF4B-00C04F79EFBC}") = "APP", "APP.csproj", "{68DD1CB3-FA83-494E-B238-6717476B440E}"
EndProject
Global
	GlobalSection(SolutionConfigurationPlatforms) = preSolution
		Debug|Any CPU = Debug|Any CPU
		Release|Any CPU = Release|Any CPU
	EndGlobalSection
	GlobalSection(ProjectConfigurationPlatforms) = postSolution
		{68DD1CB3-FA83-494E-B238-6717476B440E}.Debug|Any CPU.ActiveCfg = Debug|Any CPU
		{68DD1CB3-FA83-494E-B238-6717476B440E}.Debug|Any CPU.Build.0 = Debug|Any CPU
		{68DD1CB3-FA83-494E-B238-6717476B440E}.Release|Any CPU.ActiveCfg = Release|Any CPU
		{68DD1CB3-FA83-494E-B238-6717476B440E}.Release|Any CPU.Build.0 = Release|Any CPU
	EndGlobalSection
	GlobalSection(SolutionProperties) = preSolution
		HideSolutionNode = FALSE
	EndGlobalSection
	GlobalSection(ExtensibilityGlobals) = postSolution
		SolutionGuid = {501ADE21-9876-4DDB-80E7-D48890277AC6}
	EndGlobalSection
EndGlobal
